// !$*UTF8*$!
{
	archiveVersion = 1;
	classes = {
	};
	objectVersion = 50;
	objects = {

/* Begin PBXBuildFile section */
		CA6A8680257189B800DA5DB3 /* AppDelegate.swift in Sources */ = {isa = PBXBuildFile; fileRef = CA6A867F257189B800DA5DB3 /* AppDelegate.swift */; };
		CA6A8682257189B800DA5DB3 /* SceneDelegate.swift in Sources */ = {isa = PBXBuildFile; fileRef = CA6A8681257189B800DA5DB3 /* SceneDelegate.swift */; };
		CA6A8684257189B800DA5DB3 /* ViewController.swift in Sources */ = {isa = PBXBuildFile; fileRef = CA6A8683257189B800DA5DB3 /* ViewController.swift */; };
		CA6A8687257189B800DA5DB3 /* Main.storyboard in Resources */ = {isa = PBXBuildFile; fileRef = CA6A8685257189B800DA5DB3 /* Main.storyboard */; };
		CA6A8689257189BA00DA5DB3 /* Assets.xcassets in Resources */ = {isa = PBXBuildFile; fileRef = CA6A8688257189BA00DA5DB3 /* Assets.xcassets */; };
		CA6A868C257189BA00DA5DB3 /* LaunchScreen.storyboard in Resources */ = {isa = PBXBuildFile; fileRef = CA6A868A257189BA00DA5DB3 /* LaunchScreen.storyboard */; };
		CA6A8697257189BB00DA5DB3 /* tippyTests.swift in Sources */ = {isa = PBXBuildFile; fileRef = CA6A8696257189BB00DA5DB3 /* tippyTests.swift */; };
		CA6A86A2257189BB00DA5DB3 /* tippyUITests.swift in Sources */ = {isa = PBXBuildFile; fileRef = CA6A86A1257189BB00DA5DB3 /* tippyUITests.swift */; };
/* End PBXBuildFile section */

/* Begin PBXContainerItemProxy section */
		CA6A8693257189BB00DA5DB3 /* PBXContainerItemProxy */ = {
			isa = PBXContainerItemProxy;
			containerPortal = CA6A8674257189B800DA5DB3 /* Project object */;
			proxyType = 1;
			remoteGlobalIDString = CA6A867B257189B800DA5DB3;
			remoteInfo = tippy;
		};
		CA6A869E257189BB00DA5DB3 /* PBXContainerItemProxy */ = {
			isa = PBXContainerItemProxy;
			containerPortal = CA6A8674257189B800DA5DB3 /* Project object */;
			proxyType = 1;
			remoteGlobalIDString = CA6A867B257189B800DA5DB3;
			remoteInfo = tippy;
		};
/* End PBXContainerItemProxy section */

/* Begin PBXFileReference section */
		CA6A867C257189B800DA5DB3 /* tippy.app */ = {isa = PBXFileReference; explicitFileType = wrapper.application; includeInIndex = 0; path = tippy.app; sourceTree = BUILT_PRODUCTS_DIR; };
		CA6A867F257189B800DA5DB3 /* AppDelegate.swift */ = {isa = PBXFileReference; lastKnownFileType = sourcecode.swift; path = AppDelegate.swift; sourceTree = "<group>"; };
		CA6A8681257189B800DA5DB3 /* SceneDelegate.swift */ = {isa = PBXFileReference; lastKnownFileType = sourcecode.swift; path = SceneDelegate.swift; sourceTree = "<group>"; };
		CA6A8683257189B800DA5DB3 /* ViewController.swift */ = {isa = PBXFileReference; lastKnownFileType = sourcecode.swift; path = ViewController.swift; sourceTree = "<group>"; };
		CA6A8686257189B800DA5DB3 /* Base */ = {isa = PBXFileReference; lastKnownFileType = file.storyboard; name = Base; path = Base.lproj/Main.storyboard; sourceTree = "<group>"; };
		CA6A8688257189BA00DA5DB3 /* Assets.xcassets */ = {isa = PBXFileReference; lastKnownFileType = folder.assetcatalog; path = Assets.xcassets; sourceTree = "<group>"; };
		CA6A868B257189BA00DA5DB3 /* Base */ = {isa = PBXFileReference; lastKnownFileType = file.storyboard; name = Base; path = Base.lproj/LaunchScreen.storyboard; sourceTree = "<group>"; };
		CA6A868D257189BA00DA5DB3 /* Info.plist */ = {isa = PBXFileReference; lastKnownFileType = text.plist.xml; path = Info.plist; sourceTree = "<group>"; };
		CA6A8692257189BB00DA5DB3 /* tippyTests.xctest */ = {isa = PBXFileReference; explicitFileType = wrapper.cfbundle; includeInIndex = 0; path = tippyTests.xctest; sourceTree = BUILT_PRODUCTS_DIR; };
		CA6A8696257189BB00DA5DB3 /* tippyTests.swift */ = {isa = PBXFileReference; lastKnownFileType = sourcecode.swift; path = tippyTests.swift; sourceTree = "<group>"; };
		CA6A8698257189BB00DA5DB3 /* Info.plist */ = {isa = PBXFileReference; lastKnownFileType = text.plist.xml; path = Info.plist; sourceTree = "<group>"; };
		CA6A869D257189BB00DA5DB3 /* tippyUITests.xctest */ = {isa = PBXFileReference; explicitFileType = wrapper.cfbundle; includeInIndex = 0; path = tippyUITests.xctest; sourceTree = BUILT_PRODUCTS_DIR; };
		CA6A86A1257189BB00DA5DB3 /* tippyUITests.swift */ = {isa = PBXFileReference; lastKnownFileType = sourcecode.swift; path = tippyUITests.swift; sourceTree = "<group>"; };
		CA6A86A3257189BB00DA5DB3 /* Info.plist */ = {isa = PBXFileReference; lastKnownFileType = text.plist.xml; path = Info.plist; sourceTree = "<group>"; };
/* End PBXFileReference section */

/* Begin PBXFrameworksBuildPhase section */
		CA6A8679257189B800DA5DB3 /* Frameworks */ = {
			isa = PBXFrameworksBuildPhase;
			buildActionMask = 2147483647;
			files = (
			);
			runOnlyForDeploymentPostprocessing = 0;
		};
		CA6A868F257189BB00DA5DB3 /* Frameworks */ = {
			isa = PBXFrameworksBuildPhase;
			buildActionMask = 2147483647;
			files = (
			);
			runOnlyForDeploymentPostprocessing = 0;
		};
		CA6A869A257189BB00DA5DB3 /* Frameworks */ = {
			isa = PBXFrameworksBuildPhase;
			buildActionMask = 2147483647;
			files = (
			);
			runOnlyForDeploymentPostprocessing = 0;
		};
/* End PBXFrameworksBuildPhase section */

/* Begin PBXGroup section */
		CA6A8673257189B800DA5DB3 = {
			isa = PBXGroup;
			children = (
				CA6A867E257189B800DA5DB3 /* tippy */,
				CA6A8695257189BB00DA5DB3 /* tippyTests */,
				CA6A86A0257189BB00DA5DB3 /* tippyUITests */,
				CA6A867D257189B800DA5DB3 /* Products */,
			);
			sourceTree = "<group>";
		};
		CA6A867D257189B800DA5DB3 /* Products */ = {
			isa = PBXGroup;
			children = (
				CA6A867C257189B800DA5DB3 /* tippy.app */,
				CA6A8692257189BB00DA5DB3 /* tippyTests.xctest */,
				CA6A869D257189BB00DA5DB3 /* tippyUITests.xctest */,
			);
			name = Products;
			sourceTree = "<group>";
		};
		CA6A867E257189B800DA5DB3 /* tippy */ = {
			isa = PBXGroup;
			children = (
				CA6A867F257189B800DA5DB3 /* AppDelegate.swift */,
				CA6A8681257189B800DA5DB3 /* SceneDelegate.swift */,
				CA6A8683257189B800DA5DB3 /* ViewController.swift */,
				CA6A8685257189B800DA5DB3 /* Main.storyboard */,
				CA6A8688257189BA00DA5DB3 /* Assets.xcassets */,
				CA6A868A257189BA00DA5DB3 /* LaunchScreen.storyboard */,
				CA6A868D257189BA00DA5DB3 /* Info.plist */,
			);
			path = tippy;
			sourceTree = "<group>";
		};
		CA6A8695257189BB00DA5DB3 /* tippyTests */ = {
			isa = PBXGroup;
			children = (
				CA6A8696257189BB00DA5DB3 /* tippyTests.swift */,
				CA6A8698257189BB00DA5DB3 /* Info.plist */,
			);
			path = tippyTests;
			sourceTree = "<group>";
		};
		CA6A86A0257189BB00DA5DB3 /* tippyUITests */ = {
			isa = PBXGroup;
			children = (
				CA6A86A1257189BB00DA5DB3 /* tippyUITests.swift */,
				CA6A86A3257189BB00DA5DB3 /* Info.plist */,
			);
			path = tippyUITests;
			sourceTree = "<group>";
		};
/* End PBXGroup section */

/* Begin PBXNativeTarget section */
		CA6A867B257189B800DA5DB3 /* tippy */ = {
			isa = PBXNativeTarget;
			buildConfigurationList = CA6A86A6257189BB00DA5DB3 /* Build configuration list for PBXNativeTarget "tippy" */;
			buildPhases = (
				CA6A8678257189B800DA5DB3 /* Sources */,
				CA6A8679257189B800DA5DB3 /* Frameworks */,
				CA6A867A257189B800DA5DB3 /* Resources */,
			);
			buildRules = (
			);
			dependencies = (
			);
			name = tippy;
			productName = tippy;
			productReference = CA6A867C257189B800DA5DB3 /* tippy.app */;
			productType = "com.apple.product-type.application";
		};
		CA6A8691257189BB00DA5DB3 /* tippyTests */ = {
			isa = PBXNativeTarget;
			buildConfigurationList = CA6A86A9257189BB00DA5DB3 /* Build configuration list for PBXNativeTarget "tippyTests" */;
			buildPhases = (
				CA6A868E257189BB00DA5DB3 /* Sources */,
				CA6A868F257189BB00DA5DB3 /* Frameworks */,
				CA6A8690257189BB00DA5DB3 /* Resources */,
			);
			buildRules = (
			);
			dependencies = (
				CA6A8694257189BB00DA5DB3 /* PBXTargetDependency */,
			);
			name = tippyTests;
			productName = tippyTests;
			productReference = CA6A8692257189BB00DA5DB3 /* tippyTests.xctest */;
			productType = "com.apple.product-type.bundle.unit-test";
		};
		CA6A869C257189BB00DA5DB3 /* tippyUITests */ = {
			isa = PBXNativeTarget;
			buildConfigurationList = CA6A86AC257189BB00DA5DB3 /* Build configuration list for PBXNativeTarget "tippyUITests" */;
			buildPhases = (
				CA6A8699257189BB00DA5DB3 /* Sources */,
				CA6A869A257189BB00DA5DB3 /* Frameworks */,
				CA6A869B257189BB00DA5DB3 /* Resources */,
			);
			buildRules = (
			);
			dependencies = (
				CA6A869F257189BB00DA5DB3 /* PBXTargetDependency */,
			);
			name = tippyUITests;
			productName = tippyUITests;
			productReference = CA6A869D257189BB00DA5DB3 /* tippyUITests.xctest */;
			productType = "com.apple.product-type.bundle.ui-testing";
		};
/* End PBXNativeTarget section */

/* Begin PBXProject section */
		CA6A8674257189B800DA5DB3 /* Project object */ = {
			isa = PBXProject;
			attributes = {
				LastSwiftUpdateCheck = 1220;
				LastUpgradeCheck = 1220;
				TargetAttributes = {
					CA6A867B257189B800DA5DB3 = {
						CreatedOnToolsVersion = 12.2;
					};
					CA6A8691257189BB00DA5DB3 = {
						CreatedOnToolsVersion = 12.2;
						TestTargetID = CA6A867B257189B800DA5DB3;
					};
					CA6A869C257189BB00DA5DB3 = {
						CreatedOnToolsVersion = 12.2;
						TestTargetID = CA6A867B257189B800DA5DB3;
					};
				};
			};
			buildConfigurationList = CA6A8677257189B800DA5DB3 /* Build configuration list for PBXProject "tippy" */;
			compatibilityVersion = "Xcode 9.3";
			developmentRegion = en;
			hasScannedForEncodings = 0;
			knownRegions = (
				en,
				Base,
			);
			mainGroup = CA6A8673257189B800DA5DB3;
			productRefGroup = CA6A867D257189B800DA5DB3 /* Products */;
			projectDirPath = "";
			projectRoot = "";
			targets = (
				CA6A867B257189B800DA5DB3 /* tippy */,
				CA6A8691257189BB00DA5DB3 /* tippyTests */,
				CA6A869C257189BB00DA5DB3 /* tippyUITests */,
			);
		};
/* End PBXProject section */

/* Begin PBXResourcesBuildPhase section */
		CA6A867A257189B800DA5DB3 /* Resources */ = {
			isa = PBXResourcesBuildPhase;
			buildActionMask = 2147483647;
			files = (
				CA6A868C257189BA00DA5DB3 /* LaunchScreen.storyboard in Resources */,
				CA6A8689257189BA00DA5DB3 /* Assets.xcassets in Resources */,
				CA6A8687257189B800DA5DB3 /* Main.storyboard in Resources */,
			);
			runOnlyForDeploymentPostprocessing = 0;
		};
		CA6A8690257189BB00DA5DB3 /* Resources */ = {
			isa = PBXResourcesBuildPhase;
			buildActionMask = 2147483647;
			files = (
			);
			runOnlyForDeploymentPostprocessing = 0;
		};
		CA6A869B257189BB00DA5DB3 /* Resources */ = {
			isa = PBXResourcesBuildPhase;
			buildActionMask = 2147483647;
			files = (
			);
			runOnlyForDeploymentPostprocessing = 0;
		};
/* End PBXResourcesBuildPhase section */

/* Begin PBXSourcesBuildPhase section */
		CA6A8678257189B800DA5DB3 /* Sources */ = {
			isa = PBXSourcesBuildPhase;
			buildActionMask = 2147483647;
			files = (
				CA6A8684257189B800DA5DB3 /* ViewController.swift in Sources */,
				CA6A8680257189B800DA5DB3 /* AppDelegate.swift in Sources */,
				CA6A8682257189B800DA5DB3 /* SceneDelegate.swift in Sources */,
			);
			runOnlyForDeploymentPostprocessing = 0;
		};
		CA6A868E257189BB00DA5DB3 /* Sources */ = {
			isa = PBXSourcesBuildPhase;
			buildActionMask = 2147483647;
			files = (
				CA6A8697257189BB00DA5DB3 /* tippyTests.swift in Sources */,
			);
			runOnlyForDeploymentPostprocessing = 0;
		};
		CA6A8699257189BB00DA5DB3 /* Sources */ = {
			isa = PBXSourcesBuildPhase;
			buildActionMask = 2147483647;
			files = (
				CA6A86A2257189BB00DA5DB3 /* tippyUITests.swift in Sources */,
			);
			runOnlyForDeploymentPostprocessing = 0;
		};
/* End PBXSourcesBuildPhase section */

/* Begin PBXTargetDependency section */
		CA6A8694257189BB00DA5DB3 /* PBXTargetDependency */ = {
			isa = PBXTargetDependency;
			target = CA6A867B257189B800DA5DB3 /* tippy */;
			targetProxy = CA6A8693257189BB00DA5DB3 /* PBXContainerItemProxy */;
		};
		CA6A869F257189BB00DA5DB3 /* PBXTargetDependency */ = {
			isa = PBXTargetDependency;
			target = CA6A867B257189B800DA5DB3 /* tippy */;
			targetProxy = CA6A869E257189BB00DA5DB3 /* PBXContainerItemProxy */;
		};
/* End PBXTargetDependency section */

/* Begin PBXVariantGroup section */
		CA6A8685257189B800DA5DB3 /* Main.storyboard */ = {
			isa = PBXVariantGroup;
			children = (
				CA6A8686257189B800DA5DB3 /* Base */,
			);
			name = Main.storyboard;
			sourceTree = "<group>";
		};
		CA6A868A257189BA00DA5DB3 /* LaunchScreen.storyboard */ = {
			isa = PBXVariantGroup;
			children = (
				CA6A868B257189BA00DA5DB3 /* Base */,
			);
			name = LaunchScreen.storyboard;
			sourceTree = "<group>";
		};
/* End PBXVariantGroup section */

/* Begin XCBuildConfiguration section */
		CA6A86A4257189BB00DA5DB3 /* Debug */ = {
			isa = XCBuildConfiguration;
			buildSettings = {
				ALWAYS_SEARCH_USER_PATHS = NO;
				CLANG_ANALYZER_NONNULL = YES;
				CLANG_ANALYZER_NUMBER_OBJECT_CONVERSION = YES_AGGRESSIVE;
				CLANG_CXX_LANGUAGE_STANDARD = "gnu++14";
				CLANG_CXX_LIBRARY = "libc++";
				CLANG_ENABLE_MODULES = YES;
				CLANG_ENABLE_OBJC_ARC = YES;
				CLANG_ENABLE_OBJC_WEAK = YES;
				CLANG_WARN_BLOCK_CAPTURE_AUTORELEASING = YES;
				CLANG_WARN_BOOL_CONVERSION = YES;
				CLANG_WARN_COMMA = YES;
				CLANG_WARN_CONSTANT_CONVERSION = YES;
				CLANG_WARN_DEPRECATED_OBJC_IMPLEMENTATIONS = YES;
				CLANG_WARN_DIRECT_OBJC_ISA_USAGE = YES_ERROR;
				CLANG_WARN_DOCUMENTATION_COMMENTS = YES;
				CLANG_WARN_EMPTY_BODY = YES;
				CLANG_WARN_ENUM_CONVERSION = YES;
				CLANG_WARN_INFINITE_RECURSION = YES;
				CLANG_WARN_INT_CONVERSION = YES;
				CLANG_WARN_NON_LITERAL_NULL_CONVERSION = YES;
				CLANG_WARN_OBJC_IMPLICIT_RETAIN_SELF = YES;
				CLANG_WARN_OBJC_LITERAL_CONVERSION = YES;
				CLANG_WARN_OBJC_ROOT_CLASS = YES_ERROR;
				CLANG_WARN_QUOTED_INCLUDE_IN_FRAMEWORK_HEADER = YES;
				CLANG_WARN_RANGE_LOOP_ANALYSIS = YES;
				CLANG_WARN_STRICT_PROTOTYPES = YES;
				CLANG_WARN_SUSPICIOUS_MOVE = YES;
				CLANG_WARN_UNGUARDED_AVAILABILITY = YES_AGGRESSIVE;
				CLANG_WARN_UNREACHABLE_CODE = YES;
				CLANG_WARN__DUPLICATE_METHOD_MATCH = YES;
				COPY_PHASE_STRIP = NO;
				DEBUG_INFORMATION_FORMAT = dwarf;
				ENABLE_STRICT_OBJC_MSGSEND = YES;
				ENABLE_TESTABILITY = YES;
				GCC_C_LANGUAGE_STANDARD = gnu11;
				GCC_DYNAMIC_NO_PIC = NO;
				GCC_NO_COMMON_BLOCKS = YES;
				GCC_OPTIMIZATION_LEVEL = 0;
				GCC_PREPROCESSOR_DEFINITIONS = (
					"DEBUG=1",
					"$(inherited)",
				);
				GCC_WARN_64_TO_32_BIT_CONVERSION = YES;
				GCC_WARN_ABOUT_RETURN_TYPE = YES_ERROR;
				GCC_WARN_UNDECLARED_SELECTOR = YES;
				GCC_WARN_UNINITIALIZED_AUTOS = YES_AGGRESSIVE;
				GCC_WARN_UNUSED_FUNCTION = YES;
				GCC_WARN_UNUSED_VARIABLE = YES;
				IPHONEOS_DEPLOYMENT_TARGET = 14.2;
				MTL_ENABLE_DEBUG_INFO = INCLUDE_SOURCE;
				MTL_FAST_MATH = YES;
				ONLY_ACTIVE_ARCH = YES;
				SDKROOT = iphoneos;
				SWIFT_ACTIVE_COMPILATION_CONDITIONS = DEBUG;
				SWIFT_OPTIMIZATION_LEVEL = "-Onone";
			};
			name = Debug;
		};
		CA6A86A5257189BB00DA5DB3 /* Release */ = {
			isa = XCBuildConfiguration;
			buildSettings = {
				ALWAYS_SEARCH_USER_PATHS = NO;
				CLANG_ANALYZER_NONNULL = YES;
				CLANG_ANALYZER_NUMBER_OBJECT_CONVERSION = YES_AGGRESSIVE;
				CLANG_CXX_LANGUAGE_STANDARD = "gnu++14";
				CLANG_CXX_LIBRARY = "libc++";
				CLANG_ENABLE_MODULES = YES;
				CLANG_ENABLE_OBJC_ARC = YES;
				CLANG_ENABLE_OBJC_WEAK = YES;
				CLANG_WARN_BLOCK_CAPTURE_AUTORELEASING = YES;
				CLANG_WARN_BOOL_CONVERSION = YES;
				CLANG_WARN_COMMA = YES;
				CLANG_WARN_CONSTANT_CONVERSION = YES;
				CLANG_WARN_DEPRECATED_OBJC_IMPLEMENTATIONS = YES;
				CLANG_WARN_DIRECT_OBJC_ISA_USAGE = YES_ERROR;
				CLANG_WARN_DOCUMENTATION_COMMENTS = YES;
				CLANG_WARN_EMPTY_BODY = YES;
				CLANG_WARN_ENUM_CONVERSION = YES;
				CLANG_WARN_INFINITE_RECURSION = YES;
				CLANG_WARN_INT_CONVERSION = YES;
				CLANG_WARN_NON_LITERAL_NULL_CONVERSION = YES;
				CLANG_WARN_OBJC_IMPLICIT_RETAIN_SELF = YES;
				CLANG_WARN_OBJC_LITERAL_CONVERSION = YES;
				CLANG_WARN_OBJC_ROOT_CLASS = YES_ERROR;
				CLANG_WARN_QUOTED_INCLUDE_IN_FRAMEWORK_HEADER = YES;
				CLANG_WARN_RANGE_LOOP_ANALYSIS = YES;
				CLANG_WARN_STRICT_PROTOTYPES = YES;
				CLANG_WARN_SUSPICIOUS_MOVE = YES;
				CLANG_WARN_UNGUARDED_AVAILABILITY = YES_AGGRESSIVE;
				CLANG_WARN_UNREACHABLE_CODE = YES;
				CLANG_WARN__DUPLICATE_METHOD_MATCH = YES;
				COPY_PHASE_STRIP = NO;
				DEBUG_INFORMATION_FORMAT = "dwarf-with-dsym";
				ENABLE_NS_ASSERTIONS = NO;
				ENABLE_STRICT_OBJC_MSGSEND = YES;
				GCC_C_LANGUAGE_STANDARD = gnu11;
				GCC_NO_COMMON_BLOCKS = YES;
				GCC_WARN_64_TO_32_BIT_CONVERSION = YES;
				GCC_WARN_ABOUT_RETURN_TYPE = YES_ERROR;
				GCC_WARN_UNDECLARED_SELECTOR = YES;
				GCC_WARN_UNINITIALIZED_AUTOS = YES_AGGRESSIVE;
				GCC_WARN_UNUSED_FUNCTION = YES;
				GCC_WARN_UNUSED_VARIABLE = YES;
				IPHONEOS_DEPLOYMENT_TARGET = 14.2;
				MTL_ENABLE_DEBUG_INFO = NO;
				MTL_FAST_MATH = YES;
				SDKROOT = iphoneos;
				SWIFT_COMPILATION_MODE = wholemodule;
				SWIFT_OPTIMIZATION_LEVEL = "-O";
				VALIDATE_PRODUCT = YES;
			};
			name = Release;
		};
		CA6A86A7257189BB00DA5DB3 /* Debug */ = {
			isa = XCBuildConfiguration;
			buildSettings = {
				ASSETCATALOG_COMPILER_APPICON_NAME = AppIcon;
				ASSETCATALOG_COMPILER_GLOBAL_ACCENT_COLOR_NAME = AccentColor;
				CODE_SIGN_STYLE = Automatic;
				INFOPLIST_FILE = tippy/Info.plist;
				LD_RUNPATH_SEARCH_PATHS = (
					"$(inherited)",
					"@executable_path/Frameworks",
				);
				PRODUCT_BUNDLE_IDENTIFIER = Codepath.tippy;
				PRODUCT_NAME = "$(TARGET_NAME)";
				SWIFT_VERSION = 5.0;
				TARGETED_DEVICE_FAMILY = "1,2";
			};
			name = Debug;
		};
		CA6A86A8257189BB00DA5DB3 /* Release */ = {
			isa = XCBuildConfiguration;
			buildSettings = {
				ASSETCATALOG_COMPILER_APPICON_NAME = AppIcon;
				ASSETCATALOG_COMPILER_GLOBAL_ACCENT_COLOR_NAME = AccentColor;
				CODE_SIGN_STYLE = Automatic;
				INFOPLIST_FILE = tippy/Info.plist;
				LD_RUNPATH_SEARCH_PATHS = (
					"$(inherited)",
					"@executable_path/Frameworks",
				);
				PRODUCT_BUNDLE_IDENTIFIER = Codepath.tippy;
				PRODUCT_NAME = "$(TARGET_NAME)";
				SWIFT_VERSION = 5.0;
				TARGETED_DEVICE_FAMILY = "1,2";
			};
			name = Release;
		};
		CA6A86AA257189BB00DA5DB3 /* Debug */ = {
			isa = XCBuildConfiguration;
			buildSettings = {
				ALWAYS_EMBED_SWIFT_STANDARD_LIBRARIES = YES;
				BUNDLE_LOADER = "$(TEST_HOST)";
				CODE_SIGN_STYLE = Automatic;
				INFOPLIST_FILE = tippyTests/Info.plist;
				IPHONEOS_DEPLOYMENT_TARGET = 14.2;
				LD_RUNPATH_SEARCH_PATHS = (
					"$(inherited)",
					"@executable_path/Frameworks",
					"@loader_path/Frameworks",
				);
				PRODUCT_BUNDLE_IDENTIFIER = Codepath.tippyTests;
				PRODUCT_NAME = "$(TARGET_NAME)";
				SWIFT_VERSION = 5.0;
				TARGETED_DEVICE_FAMILY = "1,2";
				TEST_HOST = "$(BUILT_PRODUCTS_DIR)/tippy.app/tippy";
			};
			name = Debug;
		};
		CA6A86AB257189BB00DA5DB3 /* Release */ = {
			isa = XCBuildConfiguration;
			buildSettings = {
				ALWAYS_EMBED_SWIFT_STANDARD_LIBRARIES = YES;
				BUNDLE_LOADER = "$(TEST_HOST)";
				CODE_SIGN_STYLE = Automatic;
				INFOPLIST_FILE = tippyTests/Info.plist;
				IPHONEOS_DEPLOYMENT_TARGET = 14.2;
				LD_RUNPATH_SEARCH_PATHS = (
					"$(inherited)",
					"@executable_path/Frameworks",
					"@loader_path/Frameworks",
				);
				PRODUCT_BUNDLE_IDENTIFIER = Codepath.tippyTests;
				PRODUCT_NAME = "$(TARGET_NAME)";
				SWIFT_VERSION = 5.0;
				TARGETED_DEVICE_FAMILY = "1,2";
				TEST_HOST = "$(BUILT_PRODUCTS_DIR)/tippy.app/tippy";
			};
			name = Release;
		};
		CA6A86AD257189BB00DA5DB3 /* Debug */ = {
			isa = XCBuildConfiguration;
			buildSettings = {
				ALWAYS_EMBED_SWIFT_STANDARD_LIBRARIES = YES;
				CODE_SIGN_STYLE = Automatic;
				INFOPLIST_FILE = tippyUITests/Info.plist;
				LD_RUNPATH_SEARCH_PATHS = (
					"$(inherited)",
					"@executable_path/Frameworks",
					"@loader_path/Frameworks",
				);
				PRODUCT_BUNDLE_IDENTIFIER = Codepath.tippyUITests;
				PRODUCT_NAME = "$(TARGET_NAME)";
				SWIFT_VERSION = 5.0;
				TARGETED_DEVICE_FAMILY = "1,2";
				TEST_TARGET_NAME = tippy;
			};
			name = Debug;
		};
		CA6A86AE257189BB00DA5DB3 /* Release */ = {
			isa = XCBuildConfiguration;
			buildSettings = {
				ALWAYS_EMBED_SWIFT_STANDARD_LIBRARIES = YES;
				CODE_SIGN_STYLE = Automatic;
				INFOPLIST_FILE = tippyUITests/Info.plist;
				LD_RUNPATH_SEARCH_PATHS = (
					"$(inherited)",
					"@executable_path/Frameworks",
					"@loader_path/Frameworks",
				);
				PRODUCT_BUNDLE_IDENTIFIER = Codepath.tippyUITests;
				PRODUCT_NAME = "$(TARGET_NAME)";
				SWIFT_VERSION = 5.0;
				TARGETED_DEVICE_FAMILY = "1,2";
				TEST_TARGET_NAME = tippy;
			};
			name = Release;
		};
/* End XCBuildConfiguration section */

/* Begin XCConfigurationList section */
		CA6A8677257189B800DA5DB3 /* Build configuration list for PBXProject "tippy" */ = {
			isa = XCConfigurationList;
			buildConfigurations = (
				CA6A86A4257189BB00DA5DB3 /* Debug */,
				CA6A86A5257189BB00DA5DB3 /* Release */,
			);
			defaultConfigurationIsVisible = 0;
			defaultConfigurationName = Release;
		};
		CA6A86A6257189BB00DA5DB3 /* Build configuration list for PBXNativeTarget "tippy" */ = {
			isa = XCConfigurationList;
			buildConfigurations = (
				CA6A86A7257189BB00DA5DB3 /* Debug */,
				CA6A86A8257189BB00DA5DB3 /* Release */,
			);
			defaultConfigurationIsVisible = 0;
			defaultConfigurationName = Release;
		};
		CA6A86A9257189BB00DA5DB3 /* Build configuration list for PBXNativeTarget "tippyTests" */ = {
			isa = XCConfigurationList;
			buildConfigurations = (
				CA6A86AA257189BB00DA5DB3 /* Debug */,
				CA6A86AB257189BB00DA5DB3 /* Release */,
			);
			defaultConfigurationIsVisible = 0;
			defaultConfigurationName = Release;
		};
		CA6A86AC257189BB00DA5DB3 /* Build configuration list for PBXNativeTarget "tippyUITests" */ = {
			isa = XCConfigurationList;
			buildConfigurations = (
				CA6A86AD257189BB00DA5DB3 /* Debug */,
				CA6A86AE257189BB00DA5DB3 /* Release */,
			);
			defaultConfigurationIsVisible = 0;
			defaultConfigurationName = Release;
		};
/* End XCConfigurationList section */
	};
	rootObject = CA6A8674257189B800DA5DB3 /* Project object */;
}
